
Microsoft Visual Studio Solution File, Format Version 12.00
# Visual Studio Version 17
VisualStudioVersion = 17.0.32112.339
MinimumVisualStudioVersion = 10.0.40219.1
Project("{8BC9CEB8-8B4A-11D0-8D11-00A0C91BC942}") = "BSF-retina-NoMPI", "BSF-retina-NoMPI.vcxproj", "{920B359B-DEE0-425A-A0B7-A4E9FE766415}"
EndProject
Global
	GlobalSection(SolutionConfigurationPlatforms) = preSolution
		Debug|x64 = Debug|x64
		Debug|x86 = Debug|x86
		Release|x64 = Release|x64
		Release|x86 = Release|x86
	EndGlobalSection
	GlobalSection(ProjectConfigurationPlatforms) = postSolution
		{920B359B-DEE0-425A-A0B7-A4E9FE766415}.Debug|x64.ActiveCfg = Debug|x64
		{920B359B-DEE0-425A-A0B7-A4E9FE766415}.Debug|x64.Build.0 = Debug|x64
		{920B359B-DEE0-425A-A0B7-A4E9FE766415}.Debug|x86.ActiveCfg = Debug|Win32
		{920B359B-DEE0-425A-A0B7-A4E9FE766415}.Debug|x86.Build.0 = Debug|Win32
		{920B359B-DEE0-425A-A0B7-A4E9FE766415}.Release|x64.ActiveCfg = Release|x64
		{920B359B-DEE0-425A-A0B7-A4E9FE766415}.Release|x64.Build.0 = Release|x64
		{920B359B-DEE0-425A-A0B7-A4E9FE766415}.Release|x86.ActiveCfg = Release|Win32
		{920B359B-DEE0-425A-A0B7-A4E9FE766415}.Release|x86.Build.0 = Release|Win32
	EndGlobalSection
	GlobalSection(SolutionProperties) = preSolution
		HideSolutionNode = FALSE
	EndGlobalSection
	GlobalSection(ExtensibilityGlobals) = postSolution
		SolutionGuid = {34FC2295-5741-4D98-9549-11894A99F1F6}
	EndGlobalSection
EndGlobal
